// !$*UTF8*$!
{
	archiveVersion = 1;
	classes = {
	};
	objectVersion = 54;
	objects = {

/* Begin PBXBuildFile section */
		0579EB744E38C7BDA56CD972 /* CellularRequestClientProtocol.swift in Sources */ = {isa = PBXBuildFile; fileRef = 98AD2F4A8D2D72C1F5A7E13D /* CellularRequestClientProtocol.swift */; };
		115D239C14C2637965AD925C /* VonageBrand.swift in Sources */ = {isa = PBXBuildFile; fileRef = F4E166C8D44A2161CB4E95F6 /* VonageBrand.swift */; };
		11D21EDFC29B86B1EA299F5D /* VonageClientLibrary in Frameworks */ = {isa = PBXBuildFile; productRef = 469E5C6CFB3C559F7B930C97 /* VonageClientLibrary */; };
		187A091B273261EA4B439ACD /* VonageClientLibrary in Frameworks */ = {isa = PBXBuildFile; productRef = DE7F3C29D867611F2663BEBC /* VonageClientLibrary */; };
		18AF1E96FB24AEB6C683EC13 /* CellularAuthClientTests.swift in Sources */ = {isa = PBXBuildFile; fileRef = 7B6B8B072A0102C1C9AA26E6 /* CellularAuthClientTests.swift */; };
		28363B811A469464BF21F11E /* Foundation.framework in Frameworks */ = {isa = PBXBuildFile; fileRef = D85C4E0CBC948F71DE968152 /* Foundation.framework */; };
		45758CB796730D282F82D26D /* LoginViewModelTests.swift in Sources */ = {isa = PBXBuildFile; fileRef = 0F3ABC0C8B68E009B386C1F0 /* LoginViewModelTests.swift */; };
		590ED07CA54CA9AEA28C9167 /* DevConsoleView.swift in Sources */ = {isa = PBXBuildFile; fileRef = 37B92FA78C1470F7CF184503 /* DevConsoleView.swift */; };
		61C53F2D4CC1FEE9E044369E /* LogStageTests.swift in Sources */ = {isa = PBXBuildFile; fileRef = 7E9BB4261F89939F107E72F5 /* LogStageTests.swift */; };
		69CB77E4E4A290CBAA933098 /* AnyCodable.swift in Sources */ = {isa = PBXBuildFile; fileRef = DA108144376ABA631589D379 /* AnyCodable.swift */; };
		6F6C6220BAD79AF8888D66B7 /* Foundation.framework in Frameworks */ = {isa = PBXBuildFile; fileRef = D85C4E0CBC948F71DE968152 /* Foundation.framework */; };
		76D5494F32038DD9752B239F /* SilentAuthDemoApp.swift in Sources */ = {isa = PBXBuildFile; fileRef = 085696F116EA294AA3F1ADEA /* SilentAuthDemoApp.swift */; };
		7BCA632FFCC77BF6DF5F1EFE /* VerificationState.swift in Sources */ = {isa = PBXBuildFile; fileRef = 632C51508B02CC263E69F815 /* VerificationState.swift */; };
		9A0C8FC48256E8396028E526 /* LogStage.swift in Sources */ = {isa = PBXBuildFile; fileRef = 3999C00D44417357CCDF3D62 /* LogStage.swift */; };
		9BA6D7B340E515F90481DE09 /* VerifiedView.swift in Sources */ = {isa = PBXBuildFile; fileRef = A4C9C42369D7D849E9C0680E /* VerifiedView.swift */; };
		B9898979C3999100FD323396 /* VerificationService.swift in Sources */ = {isa = PBXBuildFile; fileRef = EE817F03F8037C9513203855 /* VerificationService.swift */; };
		BAA9D22A6EC07B519C618043 /* LoginViewModel.swift in Sources */ = {isa = PBXBuildFile; fileRef = F930A0029FFB699F2094315F /* LoginViewModel.swift */; };
		C9341D35F7360A1C05504094 /* LogEventRow.swift in Sources */ = {isa = PBXBuildFile; fileRef = DF55E1C93135D78FDB1BAF59 /* LogEventRow.swift */; };
		C9E8D30C11C3C9FEFBA61DA7 /* CellularAuthError.swift in Sources */ = {isa = PBXBuildFile; fileRef = 359F5C314A436746089DA127 /* CellularAuthError.swift */; };
		CE85210CF140B46BB5ED618D /* APIError.swift in Sources */ = {isa = PBXBuildFile; fileRef = CA88F06DEC27F2F13FB288F5 /* APIError.swift */; };
		D9C44342FFCE30C40FC9124D /* LogRedactionTests.swift in Sources */ = {isa = PBXBuildFile; fileRef = F923C7ECAF4292F5B319425D /* LogRedactionTests.swift */; };
		E670B6BDC21539A680C7E446 /* ContentView.swift in Sources */ = {isa = PBXBuildFile; fileRef = 8417DFC5F54AADBB8D1F23FF /* ContentView.swift */; };
		E8384E45C544292031BA0A84 /* Assets.xcassets in Resources */ = {isa = PBXBuildFile; fileRef = 1B4ABB3C321B9BB348C75ED6 /* Assets.xcassets */; };
		EAAB30AC531B1BF467C456E0 /* LoginView.swift in Sources */ = {isa = PBXBuildFile; fileRef = 6A24E831A6423673AC8E99AC /* LoginView.swift */; };
		EB494B966DA5E2495604AF37 /* SmokeTests.swift in Sources */ = {isa = PBXBuildFile; fileRef = E7DF411AB6EE52FB36BDA2F8 /* SmokeTests.swift */; };
		EC3B4F182D37B853BD70559D /* Configuration.swift in Sources */ = {isa = PBXBuildFile; fileRef = 2284346FB1AD3073BC372FD4 /* Configuration.swift */; };
		EF15A6C5895207D4BA445CDC /* VerificationStateTests.swift in Sources */ = {isa = PBXBuildFile; fileRef = D0EF1AF204C3C9D7A701F2E9 /* VerificationStateTests.swift */; };
		EFE9F6636203080F47CC9B54 /* CellularAuthClient.swift in Sources */ = {isa = PBXBuildFile; fileRef = 8CF88A1274DDDFEA56442C37 /* CellularAuthClient.swift */; };
		F9DA85BAD2FBE58872BFA18C /* APIClient.swift in Sources */ = {isa = PBXBuildFile; fileRef = ED63D1EDC67E4868EEBCE03F /* APIClient.swift */; };
		FA8DDD99415902D8CFF7FDC9 /* VerificationServiceProtocol.swift in Sources */ = {isa = PBXBuildFile; fileRef = F1831F4E146EB9BA1F81FAE1 /* VerificationServiceProtocol.swift */; };
		FBFA78FD8983517D33443EB8 /* LogEvent.swift in Sources */ = {isa = PBXBuildFile; fileRef = 333A8BD9CA0B0A16CEB05200 /* LogEvent.swift */; };
		FD6402C1DDA1D428F1ECE49D /* APIClientTests.swift in Sources */ = {isa = PBXBuildFile; fileRef = 3AAA20B7F24DE4DEDE2931DE /* APIClientTests.swift */; };
/* End PBXBuildFile section */

/* Begin PBXContainerItemProxy section */
		4B26D94C790A6241D73122F7 /* PBXContainerItemProxy */ = {
			isa = PBXContainerItemProxy;
			containerPortal = B6BD853E1065A513D73C53B1 /* Project object */;
			proxyType = 1;
			remoteGlobalIDString = 0EDE44DB9CC6BA6C20504CBE;
			remoteInfo = SilentAuthDemo;
		};
/* End PBXContainerItemProxy section */

/* Begin PBXFileReference section */
		085696F116EA294AA3F1ADEA /* SilentAuthDemoApp.swift */ = {isa = PBXFileReference; includeInIndex = 1; lastKnownFileType = sourcecode.swift; path = SilentAuthDemoApp.swift; sourceTree = "<group>"; };
		0F3ABC0C8B68E009B386C1F0 /* LoginViewModelTests.swift */ = {isa = PBXFileReference; includeInIndex = 1; lastKnownFileType = sourcecode.swift; path = LoginViewModelTests.swift; sourceTree = "<group>"; };
		1B4ABB3C321B9BB348C75ED6 /* Assets.xcassets */ = {isa = PBXFileReference; includeInIndex = 1; lastKnownFileType = folder.assetcatalog; path = Assets.xcassets; sourceTree = "<group>"; };
		2284346FB1AD3073BC372FD4 /* Configuration.swift */ = {isa = PBXFileReference; includeInIndex = 1; lastKnownFileType = sourcecode.swift; path = Configuration.swift; sourceTree = "<group>"; };
		333A8BD9CA0B0A16CEB05200 /* LogEvent.swift */ = {isa = PBXFileReference; includeInIndex = 1; lastKnownFileType = sourcecode.swift; path = LogEvent.swift; sourceTree = "<group>"; };
		359F5C314A436746089DA127 /* CellularAuthError.swift */ = {isa = PBXFileReference; includeInIndex = 1; lastKnownFileType = sourcecode.swift; path = CellularAuthError.swift; sourceTree = "<group>"; };
		37B92FA78C1470F7CF184503 /* DevConsoleView.swift */ = {isa = PBXFileReference; includeInIndex = 1; lastKnownFileType = sourcecode.swift; path = DevConsoleView.swift; sourceTree = "<group>"; };
		3999C00D44417357CCDF3D62 /* LogStage.swift */ = {isa = PBXFileReference; includeInIndex = 1; lastKnownFileType = sourcecode.swift; path = LogStage.swift; sourceTree = "<group>"; };
		3AAA20B7F24DE4DEDE2931DE /* APIClientTests.swift */ = {isa = PBXFileReference; includeInIndex = 1; lastKnownFileType = sourcecode.swift; path = APIClientTests.swift; sourceTree = "<group>"; };
		5A9D5766DEDC245CB50ED4DF /* Config.xcconfig */ = {isa = PBXFileReference; includeInIndex = 1; lastKnownFileType = text.xcconfig; path = Config.xcconfig; sourceTree = "<group>"; };
		632C51508B02CC263E69F815 /* VerificationState.swift */ = {isa = PBXFileReference; includeInIndex = 1; lastKnownFileType = sourcecode.swift; path = VerificationState.swift; sourceTree = "<group>"; };
		6A24E831A6423673AC8E99AC /* LoginView.swift */ = {isa = PBXFileReference; includeInIndex = 1; lastKnownFileType = sourcecode.swift; path = LoginView.swift; sourceTree = "<group>"; };
		7B6B8B072A0102C1C9AA26E6 /* CellularAuthClientTests.swift */ = {isa = PBXFileReference; includeInIndex = 1; lastKnownFileType = sourcecode.swift; path = CellularAuthClientTests.swift; sourceTree = "<group>"; };
		7E9BB4261F89939F107E72F5 /* LogStageTests.swift */ = {isa = PBXFileReference; includeInIndex = 1; lastKnownFileType = sourcecode.swift; path = LogStageTests.swift; sourceTree = "<group>"; };
		8417DFC5F54AADBB8D1F23FF /* ContentView.swift */ = {isa = PBXFileReference; includeInIndex = 1; lastKnownFileType = sourcecode.swift; path = ContentView.swift; sourceTree = "<group>"; };
		89C47BC41AADF41F7861C600 /* SilentAuthDemoTests.xctest */ = {isa = PBXFileReference; explicitFileType = wrapper.cfbundle; includeInIndex = 0; path = SilentAuthDemoTests.xctest; sourceTree = BUILT_PRODUCTS_DIR; };
		8CF88A1274DDDFEA56442C37 /* CellularAuthClient.swift */ = {isa = PBXFileReference; includeInIndex = 1; lastKnownFileType = sourcecode.swift; path = CellularAuthClient.swift; sourceTree = "<group>"; };
		98AD2F4A8D2D72C1F5A7E13D /* CellularRequestClientProtocol.swift */ = {isa = PBXFileReference; includeInIndex = 1; lastKnownFileType = sourcecode.swift; path = CellularRequestClientProtocol.swift; sourceTree = "<group>"; };
		A4C9C42369D7D849E9C0680E /* VerifiedView.swift */ = {isa = PBXFileReference; includeInIndex = 1; lastKnownFileType = sourcecode.swift; path = VerifiedView.swift; sourceTree = "<group>"; };
		B6072BFE3A6C188A3118DF84 /* SilentAuthDemo.app */ = {isa = PBXFileReference; explicitFileType = wrapper.application; includeInIndex = 0; path = SilentAuthDemo.app; sourceTree = BUILT_PRODUCTS_DIR; };
		CA88F06DEC27F2F13FB288F5 /* APIError.swift */ = {isa = PBXFileReference; includeInIndex = 1; lastKnownFileType = sourcecode.swift; path = APIError.swift; sourceTree = "<group>"; };
		CFB16EBF9283F5499E7B9A70 /* Config.xcconfig */ = {isa = PBXFileReference; includeInIndex = 1; lastKnownFileType = text.xcconfig; path = Config.xcconfig; sourceTree = "<group>"; };
		D0EF1AF204C3C9D7A701F2E9 /* VerificationStateTests.swift */ = {isa = PBXFileReference; includeInIndex = 1; lastKnownFileType = sourcecode.swift; path = VerificationStateTests.swift; sourceTree = "<group>"; };
		D85C4E0CBC948F71DE968152 /* Foundation.framework */ = {isa = PBXFileReference; lastKnownFileType = wrapper.framework; name = Foundation.framework; path = Platforms/iPhoneOS.platform/Developer/SDKs/iPhoneOS18.0.sdk/System/Library/Frameworks/Foundation.framework; sourceTree = DEVELOPER_DIR; };
		DA108144376ABA631589D379 /* AnyCodable.swift */ = {isa = PBXFileReference; includeInIndex = 1; lastKnownFileType = sourcecode.swift; path = AnyCodable.swift; sourceTree = "<group>"; };
		DF55E1C93135D78FDB1BAF59 /* LogEventRow.swift */ = {isa = PBXFileReference; includeInIndex = 1; lastKnownFileType = sourcecode.swift; path = LogEventRow.swift; sourceTree = "<group>"; };
		E7DF411AB6EE52FB36BDA2F8 /* SmokeTests.swift */ = {isa = PBXFileReference; includeInIndex = 1; lastKnownFileType = sourcecode.swift; path = SmokeTests.swift; sourceTree = "<group>"; };
		ED63D1EDC67E4868EEBCE03F /* APIClient.swift */ = {isa = PBXFileReference; includeInIndex = 1; lastKnownFileType = sourcecode.swift; path = APIClient.swift; sourceTree = "<group>"; };
		EE817F03F8037C9513203855 /* VerificationService.swift */ = {isa = PBXFileReference; includeInIndex = 1; lastKnownFileType = sourcecode.swift; path = VerificationService.swift; sourceTree = "<group>"; };
		F1831F4E146EB9BA1F81FAE1 /* VerificationServiceProtocol.swift */ = {isa = PBXFileReference; includeInIndex = 1; lastKnownFileType = sourcecode.swift; path = VerificationServiceProtocol.swift; sourceTree = "<group>"; };
		F4E166C8D44A2161CB4E95F6 /* VonageBrand.swift */ = {isa = PBXFileReference; includeInIndex = 1; lastKnownFileType = sourcecode.swift; path = VonageBrand.swift; sourceTree = "<group>"; };
		F923C7ECAF4292F5B319425D /* LogRedactionTests.swift */ = {isa = PBXFileReference; includeInIndex = 1; lastKnownFileType = sourcecode.swift; path = LogRedactionTests.swift; sourceTree = "<group>"; };
		F930A0029FFB699F2094315F /* LoginViewModel.swift */ = {isa = PBXFileReference; includeInIndex = 1; lastKnownFileType = sourcecode.swift; path = LoginViewModel.swift; sourceTree = "<group>"; };
/* End PBXFileReference section */

/* Begin PBXFrameworksBuildPhase section */
		1816792C67EBE272F45B0296 /* Frameworks */ = {
			isa = PBXFrameworksBuildPhase;
			buildActionMask = 2147483647;
			files = (
				28363B811A469464BF21F11E /* Foundation.framework in Frameworks */,
				11D21EDFC29B86B1EA299F5D /* VonageClientLibrary in Frameworks */,
			);
			runOnlyForDeploymentPostprocessing = 0;
		};
		B4917039FD8A3F0F72A6A1CA /* Frameworks */ = {
			isa = PBXFrameworksBuildPhase;
			buildActionMask = 2147483647;
			files = (
				6F6C6220BAD79AF8888D66B7 /* Foundation.framework in Frameworks */,
				187A091B273261EA4B439ACD /* VonageClientLibrary in Frameworks */,
			);
			runOnlyForDeploymentPostprocessing = 0;
		};
/* End PBXFrameworksBuildPhase section */

/* Begin PBXGroup section */
		1D3162AB62B6E05F6B2A0439 /* Theme */ = {
			isa = PBXGroup;
			children = (
				F4E166C8D44A2161CB4E95F6 /* VonageBrand.swift */,
			);
			path = Theme;
			sourceTree = "<group>";
		};
		3A01D094E9EBF5898B81925B /* Models */ = {
			isa = PBXGroup;
			children = (
				333A8BD9CA0B0A16CEB05200 /* LogEvent.swift */,
				3999C00D44417357CCDF3D62 /* LogStage.swift */,
				DA108144376ABA631589D379 /* AnyCodable.swift */,
				632C51508B02CC263E69F815 /* VerificationState.swift */,
			);
			path = Models;
			sourceTree = "<group>";
		};
		3C0F312AF4E3FEB8BAAF41C3 /* DevMode */ = {
			isa = PBXGroup;
			children = (
				37B92FA78C1470F7CF184503 /* DevConsoleView.swift */,
				DF55E1C93135D78FDB1BAF59 /* LogEventRow.swift */,
			);
			path = DevMode;
			sourceTree = "<group>";
		};
		510B44B61695939ABC9EEC8E /* Products */ = {
			isa = PBXGroup;
			children = (
				B6072BFE3A6C188A3118DF84 /* SilentAuthDemo.app */,
				89C47BC41AADF41F7861C600 /* SilentAuthDemoTests.xctest */,
			);
			name = Products;
			sourceTree = "<group>";
		};
		5475ABD950295464941210CD /* Features */ = {
			isa = PBXGroup;
			children = (
				A6354091765CF0D45F1EC575 /* Login */,
				8DEC3D9569771F96CA66AB44 /* Verified */,
				3C0F312AF4E3FEB8BAAF41C3 /* DevMode */,
			);
			path = Features;
			sourceTree = "<group>";
		};
		5D6897CE05477F4AA7EBA6DF /* Resources */ = {
			isa = PBXGroup;
			children = (
				1B4ABB3C321B9BB348C75ED6 /* Assets.xcassets */,
			);
			path = Resources;
			sourceTree = "<group>";
		};
		81C2EA1FD36E4CCCF93EE5EA /* Frameworks */ = {
			isa = PBXGroup;
			children = (
				98D5CB628D6E64CB7E587E8C /* iOS */,
			);
			name = Frameworks;
			sourceTree = "<group>";
		};
		89FDAFD26714281A43AA1C3A = {
			isa = PBXGroup;
			children = (
				510B44B61695939ABC9EEC8E /* Products */,
				81C2EA1FD36E4CCCF93EE5EA /* Frameworks */,
				5A9D5766DEDC245CB50ED4DF /* Config.xcconfig */,
				CFB16EBF9283F5499E7B9A70 /* Config.xcconfig */,
				A0F1A183978DEEA1EF357DC0 /* SilentAuthDemo */,
				C544543C132319FAB960A555 /* SilentAuthDemoTests */,
			);
			sourceTree = "<group>";
		};
		8DEC3D9569771F96CA66AB44 /* Verified */ = {
			isa = PBXGroup;
			children = (
				A4C9C42369D7D849E9C0680E /* VerifiedView.swift */,
			);
			path = Verified;
			sourceTree = "<group>";
		};
		98D5CB628D6E64CB7E587E8C /* iOS */ = {
			isa = PBXGroup;
			children = (
				D85C4E0CBC948F71DE968152 /* Foundation.framework */,
			);
			name = iOS;
			sourceTree = "<group>";
		};
		9AD8E5BFB1C988893FCBC30D /* Features */ = {
			isa = PBXGroup;
			children = (
				DD9C6B8E6E0EDC96DF39B39C /* Login */,
			);
			path = Features;
			sourceTree = "<group>";
		};
		A0F1A183978DEEA1EF357DC0 /* SilentAuthDemo */ = {
			isa = PBXGroup;
			children = (
				D3D144F543C8D510A3048A60 /* App */,
				5D6897CE05477F4AA7EBA6DF /* Resources */,
				D66CE77AD371AD29A3A81B35 /* Networking */,
				3A01D094E9EBF5898B81925B /* Models */,
				1D3162AB62B6E05F6B2A0439 /* Theme */,
				5475ABD950295464941210CD /* Features */,
			);
			path = SilentAuthDemo;
			sourceTree = "<group>";
		};
		A6354091765CF0D45F1EC575 /* Login */ = {
			isa = PBXGroup;
			children = (
				F930A0029FFB699F2094315F /* LoginViewModel.swift */,
				6A24E831A6423673AC8E99AC /* LoginView.swift */,
			);
			path = Login;
			sourceTree = "<group>";
		};
		C544543C132319FAB960A555 /* SilentAuthDemoTests */ = {
			isa = PBXGroup;
			children = (
				E7DF411AB6EE52FB36BDA2F8 /* SmokeTests.swift */,
				F99FD92E22B0DDEAD1CF1BB6 /* Networking */,
				9AD8E5BFB1C988893FCBC30D /* Features */,
			);
			path = SilentAuthDemoTests;
			sourceTree = "<group>";
		};
		D3D144F543C8D510A3048A60 /* App */ = {
			isa = PBXGroup;
			children = (
				085696F116EA294AA3F1ADEA /* SilentAuthDemoApp.swift */,
				8417DFC5F54AADBB8D1F23FF /* ContentView.swift */,
			);
			path = App;
			sourceTree = "<group>";
		};
		D66CE77AD371AD29A3A81B35 /* Networking */ = {
			isa = PBXGroup;
			children = (
				ED63D1EDC67E4868EEBCE03F /* APIClient.swift */,
				8CF88A1274DDDFEA56442C37 /* CellularAuthClient.swift */,
				CA88F06DEC27F2F13FB288F5 /* APIError.swift */,
				359F5C314A436746089DA127 /* CellularAuthError.swift */,
				2284346FB1AD3073BC372FD4 /* Configuration.swift */,
				98AD2F4A8D2D72C1F5A7E13D /* CellularRequestClientProtocol.swift */,
				EE817F03F8037C9513203855 /* VerificationService.swift */,
				F1831F4E146EB9BA1F81FAE1 /* VerificationServiceProtocol.swift */,
			);
			path = Networking;
			sourceTree = "<group>";
		};
		DD9C6B8E6E0EDC96DF39B39C /* Login */ = {
			isa = PBXGroup;
			children = (
				D0EF1AF204C3C9D7A701F2E9 /* VerificationStateTests.swift */,
				0F3ABC0C8B68E009B386C1F0 /* LoginViewModelTests.swift */,
				F923C7ECAF4292F5B319425D /* LogRedactionTests.swift */,
				7E9BB4261F89939F107E72F5 /* LogStageTests.swift */,
			);
			path = Login;
			sourceTree = "<group>";
		};
		F99FD92E22B0DDEAD1CF1BB6 /* Networking */ = {
			isa = PBXGroup;
			children = (
				3AAA20B7F24DE4DEDE2931DE /* APIClientTests.swift */,
				7B6B8B072A0102C1C9AA26E6 /* CellularAuthClientTests.swift */,
			);
			path = Networking;
			sourceTree = "<group>";
		};
/* End PBXGroup section */

/* Begin PBXNativeTarget section */
		0EDE44DB9CC6BA6C20504CBE /* SilentAuthDemo */ = {
			isa = PBXNativeTarget;
			buildConfigurationList = 7C67275E8DB89E4A4F57A1F7 /* Build configuration list for PBXNativeTarget "SilentAuthDemo" */;
			buildPhases = (
				C74C1268A1424581C4514017 /* Sources */,
				1816792C67EBE272F45B0296 /* Frameworks */,
				B8D5A42F3D8893C111023ECE /* Resources */,
			);
			buildRules = (
			);
			dependencies = (
			);
			name = SilentAuthDemo;
			packageProductDependencies = (
				469E5C6CFB3C559F7B930C97 /* VonageClientLibrary */,
			);
			productName = SilentAuthDemo;
			productReference = B6072BFE3A6C188A3118DF84 /* SilentAuthDemo.app */;
			productType = "com.apple.product-type.application";
		};
		246289311B5A336BBCB9D97E /* SilentAuthDemoTests */ = {
			isa = PBXNativeTarget;
			buildConfigurationList = 37D4A04362778C030A9A9E2F /* Build configuration list for PBXNativeTarget "SilentAuthDemoTests" */;
			buildPhases = (
				E57E2C9318091EDC6EA35B73 /* Sources */,
				B4917039FD8A3F0F72A6A1CA /* Frameworks */,
				38465204D1609CFBF1032921 /* Resources */,
			);
			buildRules = (
			);
			dependencies = (
				E046A594D328DB9980D26831 /* PBXTargetDependency */,
			);
			name = SilentAuthDemoTests;
			packageProductDependencies = (
				DE7F3C29D867611F2663BEBC /* VonageClientLibrary */,
			);
			productName = SilentAuthDemoTests;
			productReference = 89C47BC41AADF41F7861C600 /* SilentAuthDemoTests.xctest */;
			productType = "com.apple.product-type.bundle.unit-test";
		};
/* End PBXNativeTarget section */

/* Begin PBXProject section */
		B6BD853E1065A513D73C53B1 /* Project object */ = {
			isa = PBXProject;
			attributes = {
				LastSwiftUpdateCheck = 1600;
				LastUpgradeCheck = 1600;
			};
			buildConfigurationList = F771C63B84E8372C7366812B /* Build configuration list for PBXProject "SilentAuthDemo" */;
			compatibilityVersion = "Xcode 3.2";
			developmentRegion = en;
			hasScannedForEncodings = 0;
			knownRegions = (
				en,
				Base,
			);
			mainGroup = 89FDAFD26714281A43AA1C3A;
			packageReferences = (
				243975CAAE9D2A87CF75FC43 /* XCRemoteSwiftPackageReference "vonage-ios-client-library" */,
			);
			productRefGroup = 510B44B61695939ABC9EEC8E /* Products */;
			projectDirPath = "";
			projectRoot = "";
			targets = (
				0EDE44DB9CC6BA6C20504CBE /* SilentAuthDemo */,
				246289311B5A336BBCB9D97E /* SilentAuthDemoTests */,
			);
		};
/* End PBXProject section */

/* Begin PBXResourcesBuildPhase section */
		38465204D1609CFBF1032921 /* Resources */ = {
			isa = PBXResourcesBuildPhase;
			buildActionMask = 2147483647;
			files = (
			);
			runOnlyForDeploymentPostprocessing = 0;
		};
		B8D5A42F3D8893C111023ECE /* Resources */ = {
			isa = PBXResourcesBuildPhase;
			buildActionMask = 2147483647;
			files = (
				E8384E45C544292031BA0A84 /* Assets.xcassets in Resources */,
			);
			runOnlyForDeploymentPostprocessing = 0;
		};
/* End PBXResourcesBuildPhase section */

/* Begin PBXSourcesBuildPhase section */
		C74C1268A1424581C4514017 /* Sources */ = {
			isa = PBXSourcesBuildPhase;
			buildActionMask = 2147483647;
			files = (
				76D5494F32038DD9752B239F /* SilentAuthDemoApp.swift in Sources */,
				E670B6BDC21539A680C7E446 /* ContentView.swift in Sources */,
				F9DA85BAD2FBE58872BFA18C /* APIClient.swift in Sources */,
				EFE9F6636203080F47CC9B54 /* CellularAuthClient.swift in Sources */,
				CE85210CF140B46BB5ED618D /* APIError.swift in Sources */,
				C9E8D30C11C3C9FEFBA61DA7 /* CellularAuthError.swift in Sources */,
				EC3B4F182D37B853BD70559D /* Configuration.swift in Sources */,
				0579EB744E38C7BDA56CD972 /* CellularRequestClientProtocol.swift in Sources */,
				B9898979C3999100FD323396 /* VerificationService.swift in Sources */,
				FA8DDD99415902D8CFF7FDC9 /* VerificationServiceProtocol.swift in Sources */,
				FBFA78FD8983517D33443EB8 /* LogEvent.swift in Sources */,
				9A0C8FC48256E8396028E526 /* LogStage.swift in Sources */,
				69CB77E4E4A290CBAA933098 /* AnyCodable.swift in Sources */,
				7BCA632FFCC77BF6DF5F1EFE /* VerificationState.swift in Sources */,
				115D239C14C2637965AD925C /* VonageBrand.swift in Sources */,
				BAA9D22A6EC07B519C618043 /* LoginViewModel.swift in Sources */,
				EAAB30AC531B1BF467C456E0 /* LoginView.swift in Sources */,
				9BA6D7B340E515F90481DE09 /* VerifiedView.swift in Sources */,
				590ED07CA54CA9AEA28C9167 /* DevConsoleView.swift in Sources */,
				C9341D35F7360A1C05504094 /* LogEventRow.swift in Sources */,
			);
			runOnlyForDeploymentPostprocessing = 0;
		};
		E57E2C9318091EDC6EA35B73 /* Sources */ = {
			isa = PBXSourcesBuildPhase;
			buildActionMask = 2147483647;
			files = (
				EB494B966DA5E2495604AF37 /* SmokeTests.swift in Sources */,
				FD6402C1DDA1D428F1ECE49D /* APIClientTests.swift in Sources */,
				18AF1E96FB24AEB6C683EC13 /* CellularAuthClientTests.swift in Sources */,
				EF15A6C5895207D4BA445CDC /* VerificationStateTests.swift in Sources */,
				45758CB796730D282F82D26D /* LoginViewModelTests.swift in Sources */,
				D9C44342FFCE30C40FC9124D /* LogRedactionTests.swift in Sources */,
				61C53F2D4CC1FEE9E044369E /* LogStageTests.swift in Sources */,
			);
			runOnlyForDeploymentPostprocessing = 0;
		};
/* End PBXSourcesBuildPhase section */

/* Begin PBXTargetDependency section */
		E046A594D328DB9980D26831 /* PBXTargetDependency */ = {
			isa = PBXTargetDependency;
			name = SilentAuthDemo;
			target = 0EDE44DB9CC6BA6C20504CBE /* SilentAuthDemo */;
			targetProxy = 4B26D94C790A6241D73122F7 /* PBXContainerItemProxy */;
		};
/* End PBXTargetDependency section */

/* Begin XCBuildConfiguration section */
		2A905C70AA4E1D2046DAD351 /* Release */ = {
			isa = XCBuildConfiguration;
			buildSettings = {
				BUNDLE_LOADER = "$(TEST_HOST)";
				CLANG_ENABLE_OBJC_WEAK = NO;
				GENERATE_INFOPLIST_FILE = YES;
				IPHONEOS_DEPLOYMENT_TARGET = 16.0;
				PRODUCT_BUNDLE_IDENTIFIER = com.vonage.SilentAuthDemoTests;
				SDKROOT = iphoneos;
				SWIFT_VERSION = 5.9;
				TARGETED_DEVICE_FAMILY = "1,2";
				TEST_HOST = "$(BUILT_PRODUCTS_DIR)/SilentAuthDemo.app/$(BUNDLE_EXECUTABLE_FOLDER_PATH)/SilentAuthDemo";
				VALIDATE_PRODUCT = YES;
			};
			name = Release;
		};
		681A0278751ABE953BE709F8 /* Release */ = {
			isa = XCBuildConfiguration;
			baseConfigurationReference = 5A9D5766DEDC245CB50ED4DF /* Config.xcconfig */;
			buildSettings = {
				ASSETCATALOG_COMPILER_APPICON_NAME = AppIcon;
				ASSETCATALOG_COMPILER_GLOBAL_ACCENT_COLOR_NAME = AccentColor;
				BASE_XCCONFIG = "$(PROJECT_DIR)/Config.xcconfig";
				CLANG_ENABLE_OBJC_WEAK = NO;
				CODE_SIGN_STYLE = Automatic;
				DEVELOPMENT_TEAM = 7F2B5ZSP8Q;
				INFOPLIST_FILE = SilentAuthDemo/Info.plist;
				IPHONEOS_DEPLOYMENT_TARGET = 16.0;
				LD_RUNPATH_SEARCH_PATHS = (
					"$(inherited)",
					"@executable_path/Frameworks",
				);
				PRODUCT_BUNDLE_IDENTIFIER = com.vonage.SilentAuthDemo;
				SDKROOT = iphoneos;
				SWIFT_EMIT_LOC_STRINGS = YES;
				SWIFT_VERSION = 5.9;
				TARGETED_DEVICE_FAMILY = "1,2";
				VALIDATE_PRODUCT = YES;
			};
			name = Release;
		};
		82939FF8EEC3B60947B2F816 /* Debug */ = {
			isa = XCBuildConfiguration;
			baseConfigurationReference = CFB16EBF9283F5499E7B9A70 /* Config.xcconfig */;
			buildSettings = {
				ASSETCATALOG_COMPILER_APPICON_NAME = AppIcon;
				ASSETCATALOG_COMPILER_GLOBAL_ACCENT_COLOR_NAME = AccentColor;
				BASE_XCCONFIG = "$(PROJECT_DIR)/Config.xcconfig";
				CLANG_ENABLE_OBJC_WEAK = NO;
				CODE_SIGN_STYLE = Automatic;
				DEVELOPMENT_TEAM = 7F2B5ZSP8Q;
				INFOPLIST_FILE = SilentAuthDemo/Info.plist;
				IPHONEOS_DEPLOYMENT_TARGET = 16.0;
				LD_RUNPATH_SEARCH_PATHS = (
					"$(inherited)",
					"@executable_path/Frameworks",
				);
				PRODUCT_BUNDLE_IDENTIFIER = com.vonage.SilentAuthDemo;
				SDKROOT = iphoneos;
				SWIFT_EMIT_LOC_STRINGS = YES;
				SWIFT_VERSION = 5.9;
				TARGETED_DEVICE_FAMILY = "1,2";
			};
			name = Debug;
		};
		9B8F7003A132688868B52EDF /* Release */ = {
			isa = XCBuildConfiguration;
			buildSettings = {
				ALWAYS_SEARCH_USER_PATHS = NO;
				CLANG_ANALYZER_NONNULL = YES;
				CLANG_ANALYZER_NUMBER_OBJECT_CONVERSION = YES_AGGRESSIVE;
				CLANG_CXX_LANGUAGE_STANDARD = "gnu++14";
				CLANG_CXX_LIBRARY = "libc++";
				CLANG_ENABLE_MODULES = YES;
				CLANG_ENABLE_OBJC_ARC = YES;
				CLANG_ENABLE_OBJC_WEAK = YES;
				CLANG_WARN_BLOCK_CAPTURE_AUTORELEASING = YES;
				CLANG_WARN_BOOL_CONVERSION = YES;
				CLANG_WARN_COMMA = YES;
				CLANG_WARN_CONSTANT_CONVERSION = YES;
				CLANG_WARN_DEPRECATED_OBJC_IMPLEMENTATIONS = YES;
				CLANG_WARN_DIRECT_OBJC_ISA_USAGE = YES_ERROR;
				CLANG_WARN_DOCUMENTATION_COMMENTS = YES;
				CLANG_WARN_EMPTY_BODY = YES;
				CLANG_WARN_ENUM_CONVERSION = YES;
				CLANG_WARN_INFINITE_RECURSION = YES;
				CLANG_WARN_INT_CONVERSION = YES;
				CLANG_WARN_NON_LITERAL_NULL_CONVERSION = YES;
				CLANG_WARN_OBJC_IMPLICIT_RETAIN_SELF = YES;
				CLANG_WARN_OBJC_LITERAL_CONVERSION = YES;
				CLANG_WARN_OBJC_ROOT_CLASS = YES_ERROR;
				CLANG_WARN_QUOTED_INCLUDE_IN_FRAMEWORK_HEADER = YES;
				CLANG_WARN_RANGE_LOOP_ANALYSIS = YES;
				CLANG_WARN_STRICT_PROTOTYPES = YES;
				CLANG_WARN_SUSPICIOUS_MOVE = YES;
				CLANG_WARN_UNGUARDED_AVAILABILITY = YES_AGGRESSIVE;
				CLANG_WARN_UNREACHABLE_CODE = YES;
				CLANG_WARN__DUPLICATE_METHOD_MATCH = YES;
				COPY_PHASE_STRIP = NO;
				DEBUG_INFORMATION_FORMAT = "dwarf-with-dsym";
				ENABLE_NS_ASSERTIONS = NO;
				ENABLE_STRICT_OBJC_MSGSEND = YES;
				GCC_C_LANGUAGE_STANDARD = gnu11;
				GCC_NO_COMMON_BLOCKS = YES;
				GCC_WARN_64_TO_32_BIT_CONVERSION = YES;
				GCC_WARN_ABOUT_RETURN_TYPE = YES_ERROR;
				GCC_WARN_UNDECLARED_SELECTOR = YES;
				GCC_WARN_UNINITIALIZED_AUTOS = YES_AGGRESSIVE;
				GCC_WARN_UNUSED_FUNCTION = YES;
				GCC_WARN_UNUSED_VARIABLE = YES;
				MTL_ENABLE_DEBUG_INFO = NO;
				MTL_FAST_MATH = YES;
				PRODUCT_NAME = "$(TARGET_NAME)";
				SWIFT_COMPILATION_MODE = wholemodule;
				SWIFT_OPTIMIZATION_LEVEL = "-O";
				SWIFT_VERSION = 5.0;
			};
			name = Release;
		};
		C5D88ECD4537332B9682A1CA /* Debug */ = {
			isa = XCBuildConfiguration;
			buildSettings = {
				ALWAYS_SEARCH_USER_PATHS = NO;
				CLANG_ANALYZER_NONNULL = YES;
				CLANG_ANALYZER_NUMBER_OBJECT_CONVERSION = YES_AGGRESSIVE;
				CLANG_CXX_LANGUAGE_STANDARD = "gnu++14";
				CLANG_CXX_LIBRARY = "libc++";
				CLANG_ENABLE_MODULES = YES;
				CLANG_ENABLE_OBJC_ARC = YES;
				CLANG_ENABLE_OBJC_WEAK = YES;
				CLANG_WARN_BLOCK_CAPTURE_AUTORELEASING = YES;
				CLANG_WARN_BOOL_CONVERSION = YES;
				CLANG_WARN_COMMA = YES;
				CLANG_WARN_CONSTANT_CONVERSION = YES;
				CLANG_WARN_DEPRECATED_OBJC_IMPLEMENTATIONS = YES;
				CLANG_WARN_DIRECT_OBJC_ISA_USAGE = YES_ERROR;
				CLANG_WARN_DOCUMENTATION_COMMENTS = YES;
				CLANG_WARN_EMPTY_BODY = YES;
				CLANG_WARN_ENUM_CONVERSION = YES;
				CLANG_WARN_INFINITE_RECURSION = YES;
				CLANG_WARN_INT_CONVERSION = YES;
				CLANG_WARN_NON_LITERAL_NULL_CONVERSION = YES;
				CLANG_WARN_OBJC_IMPLICIT_RETAIN_SELF = YES;
				CLANG_WARN_OBJC_LITERAL_CONVERSION = YES;
				CLANG_WARN_OBJC_ROOT_CLASS = YES_ERROR;
				CLANG_WARN_QUOTED_INCLUDE_IN_FRAMEWORK_HEADER = YES;
				CLANG_WARN_RANGE_LOOP_ANALYSIS = YES;
				CLANG_WARN_STRICT_PROTOTYPES = YES;
				CLANG_WARN_SUSPICIOUS_MOVE = YES;
				CLANG_WARN_UNGUARDED_AVAILABILITY = YES_AGGRESSIVE;
				CLANG_WARN_UNREACHABLE_CODE = YES;
				CLANG_WARN__DUPLICATE_METHOD_MATCH = YES;
				COPY_PHASE_STRIP = NO;
				DEBUG_INFORMATION_FORMAT = dwarf;
				ENABLE_STRICT_OBJC_MSGSEND = YES;
				ENABLE_TESTABILITY = YES;
				GCC_C_LANGUAGE_STANDARD = gnu11;
				GCC_DYNAMIC_NO_PIC = NO;
				GCC_NO_COMMON_BLOCKS = YES;
				GCC_OPTIMIZATION_LEVEL = 0;
				GCC_PREPROCESSOR_DEFINITIONS = (
					"DEBUG=1",
					"$(inherited)",
				);
				GCC_WARN_64_TO_32_BIT_CONVERSION = YES;
				GCC_WARN_ABOUT_RETURN_TYPE = YES_ERROR;
				GCC_WARN_UNDECLARED_SELECTOR = YES;
				GCC_WARN_UNINITIALIZED_AUTOS = YES_AGGRESSIVE;
				GCC_WARN_UNUSED_FUNCTION = YES;
				GCC_WARN_UNUSED_VARIABLE = YES;
				MTL_ENABLE_DEBUG_INFO = INCLUDE_SOURCE;
				MTL_FAST_MATH = YES;
				ONLY_ACTIVE_ARCH = YES;
				PRODUCT_NAME = "$(TARGET_NAME)";
				SWIFT_ACTIVE_COMPILATION_CONDITIONS = DEBUG;
				SWIFT_OPTIMIZATION_LEVEL = "-Onone";
				SWIFT_VERSION = 5.0;
			};
			name = Debug;
		};
		FBA8A13FC3BCE9D61EBFB684 /* Debug */ = {
			isa = XCBuildConfiguration;
			buildSettings = {
				BUNDLE_LOADER = "$(TEST_HOST)";
				CLANG_ENABLE_OBJC_WEAK = NO;
				GENERATE_INFOPLIST_FILE = YES;
				IPHONEOS_DEPLOYMENT_TARGET = 16.0;
				PRODUCT_BUNDLE_IDENTIFIER = com.vonage.SilentAuthDemoTests;
				SDKROOT = iphoneos;
				SWIFT_VERSION = 5.9;
				TARGETED_DEVICE_FAMILY = "1,2";
				TEST_HOST = "$(BUILT_PRODUCTS_DIR)/SilentAuthDemo.app/$(BUNDLE_EXECUTABLE_FOLDER_PATH)/SilentAuthDemo";
			};
			name = Debug;
		};
/* End XCBuildConfiguration section */

/* Begin XCConfigurationList section */
		37D4A04362778C030A9A9E2F /* Build configuration list for PBXNativeTarget "SilentAuthDemoTests" */ = {
			isa = XCConfigurationList;
			buildConfigurations = (
				2A905C70AA4E1D2046DAD351 /* Release */,
				FBA8A13FC3BCE9D61EBFB684 /* Debug */,
			);
			defaultConfigurationIsVisible = 0;
			defaultConfigurationName = Release;
		};
		7C67275E8DB89E4A4F57A1F7 /* Build configuration list for PBXNativeTarget "SilentAuthDemo" */ = {
			isa = XCConfigurationList;
			buildConfigurations = (
				681A0278751ABE953BE709F8 /* Release */,
				82939FF8EEC3B60947B2F816 /* Debug */,
			);
			defaultConfigurationIsVisible = 0;
			defaultConfigurationName = Release;
		};
		F771C63B84E8372C7366812B /* Build configuration list for PBXProject "SilentAuthDemo" */ = {
			isa = XCConfigurationList;
			buildConfigurations = (
				C5D88ECD4537332B9682A1CA /* Debug */,
				9B8F7003A132688868B52EDF /* Release */,
			);
			defaultConfigurationIsVisible = 0;
			defaultConfigurationName = Release;
		};
/* End XCConfigurationList section */

/* Begin XCRemoteSwiftPackageReference section */
		243975CAAE9D2A87CF75FC43 /* XCRemoteSwiftPackageReference "vonage-ios-client-library" */ = {
			isa = XCRemoteSwiftPackageReference;
			repositoryURL = "https://github.com/Vonage/vonage-ios-client-library.git";
			requirement = {
				kind = upToNextMajorVersion;
				minimumVersion = 1.0.0;
			};
		};
/* End XCRemoteSwiftPackageReference section */

/* Begin XCSwiftPackageProductDependency section */
		469E5C6CFB3C559F7B930C97 /* VonageClientLibrary */ = {
			isa = XCSwiftPackageProductDependency;
			package = 243975CAAE9D2A87CF75FC43 /* XCRemoteSwiftPackageReference "vonage-ios-client-library" */;
			productName = VonageClientLibrary;
		};
		DE7F3C29D867611F2663BEBC /* VonageClientLibrary */ = {
			isa = XCSwiftPackageProductDependency;
			package = 243975CAAE9D2A87CF75FC43 /* XCRemoteSwiftPackageReference "vonage-ios-client-library" */;
			productName = VonageClientLibrary;
		};
/* End XCSwiftPackageProductDependency section */
	};
	rootObject = B6BD853E1065A513D73C53B1 /* Project object */;
}
