// !$*UTF8*$!
{
	archiveVersion = 1;
	classes = {
	};
	objectVersion = 46;
	objects = {

/* Begin PBXBuildFile section */
		0BD0224FC31E8E11B272D896 /* CellularRequestClientProtocol.swift in Sources */ = {isa = PBXBuildFile; fileRef = 08BAC1DC0AE727C9E66F1A53 /* CellularRequestClientProtocol.swift */; };
		0D58068773C43719EEDAA64E /* LogEvent.swift in Sources */ = {isa = PBXBuildFile; fileRef = C89C533EB30BAB7F38267E29 /* LogEvent.swift */; };
		0E1AD581CBEDA521413674AD /* VerificationServiceProtocol.swift in Sources */ = {isa = PBXBuildFile; fileRef = A7AD7D167C5B4E67CBFD1836 /* VerificationServiceProtocol.swift */; };
		0E61E39471E36528A81F569B /* LogStageTests.swift in Sources */ = {isa = PBXBuildFile; fileRef = D0073D0314FBBD5E1BDDF4BF /* LogStageTests.swift */; };
		101D78E1EB9389058A5503A3 /* VerificationService.swift in Sources */ = {isa = PBXBuildFile; fileRef = E20895CD6D3E443DC357A2E7 /* VerificationService.swift */; };
		185F141F75FB71D057B60475 /* CellularAuthClientTests.swift in Sources */ = {isa = PBXBuildFile; fileRef = 3337B39D04C923280B85EE5D /* CellularAuthClientTests.swift */; };
		18CAF094BE739436DA15B4D6 /* CellularAuthError.swift in Sources */ = {isa = PBXBuildFile; fileRef = 2F4ACBDBA17F0701DF4D7F4F /* CellularAuthError.swift */; };
		1C9A52107761D3E028E60ACA /* VerificationStateTests.swift in Sources */ = {isa = PBXBuildFile; fileRef = 86B955421BEE1CDE6140B52D /* VerificationStateTests.swift */; };
		2D471F56A02B8049B03ED6DE /* SilentAuthDemoApp.swift in Sources */ = {isa = PBXBuildFile; fileRef = A74875915842D7E1EC615291 /* SilentAuthDemoApp.swift */; };
		3777FBB53B6FD2DEBA8BA425 /* LogStage.swift in Sources */ = {isa = PBXBuildFile; fileRef = DFF209B2D90338D151F1F3BE /* LogStage.swift */; };
		3ADCE8BBDE651DE462BEFF21 /* Configuration.swift in Sources */ = {isa = PBXBuildFile; fileRef = 4CBA4E35EC182CC5988A0D00 /* Configuration.swift */; };
		40310E4DCE1B478231B53F5E /* LoginView.swift in Sources */ = {isa = PBXBuildFile; fileRef = B7DA7C72A83650797525F6EA /* LoginView.swift */; };
		41A4905C44ED819676719A49 /* AnyCodable.swift in Sources */ = {isa = PBXBuildFile; fileRef = F448EC376B90FFA3189656FF /* AnyCodable.swift */; };
		440796C117D30AFD9DB054CE /* LoginViewModel.swift in Sources */ = {isa = PBXBuildFile; fileRef = 0AAD801143F03F7EF5C287BA /* LoginViewModel.swift */; };
		51A322072FA36F7C16252124 /* APIError.swift in Sources */ = {isa = PBXBuildFile; fileRef = D2B30BFD5EC8FBEC3BE5F45F /* APIError.swift */; };
		57FDC88FB9AB915B9A1F868D /* Foundation.framework in Frameworks */ = {isa = PBXBuildFile; fileRef = D69DB3934E0F2FD3BCDA0CC0 /* Foundation.framework */; };
		62A5309253814971C7B6ED38 /* CellularAuthClient.swift in Sources */ = {isa = PBXBuildFile; fileRef = E825AD02E27F7535D25B5EF6 /* CellularAuthClient.swift */; };
		7CA4D70D848400AE405A2D1F /* VerificationState.swift in Sources */ = {isa = PBXBuildFile; fileRef = DEFE9819BB80CB171D529F0B /* VerificationState.swift */; };
		95B3F38F5AA69AD86C28FD65 /* ContentView.swift in Sources */ = {isa = PBXBuildFile; fileRef = AB522EAC7C6031F2B660D851 /* ContentView.swift */; };
		96ED779AC22459524690A6F4 /* Foundation.framework in Frameworks */ = {isa = PBXBuildFile; fileRef = D69DB3934E0F2FD3BCDA0CC0 /* Foundation.framework */; };
		97FAF09229CEEE8CE88216E7 /* VonageClientLibrary in Frameworks */ = {isa = PBXBuildFile; productRef = E4E2F34F2B6A2CD54154D3F3 /* VonageClientLibrary */; };
		A2D07CDE2829DA0E705ED393 /* LogEventRow.swift in Sources */ = {isa = PBXBuildFile; fileRef = 98E4891A82FD1922F77C3B27 /* LogEventRow.swift */; };
		AFE148FC63879B3168CEFB02 /* VonageClientLibrary in Frameworks */ = {isa = PBXBuildFile; productRef = 7AC31BD4B75CAB5D54789BD0 /* VonageClientLibrary */; };
		B66D8B7D87737E39EB837476 /* SmokeTests.swift in Sources */ = {isa = PBXBuildFile; fileRef = D0D41C7146DB6C0CE08DA787 /* SmokeTests.swift */; };
		C1D9D12BC79FC84A78E95813 /* APIClient.swift in Sources */ = {isa = PBXBuildFile; fileRef = 0C30E14336FA1A1F0B5D7FD6 /* APIClient.swift */; };
		CA7204ABB6C997E2B493B5A6 /* LoginViewModelTests.swift in Sources */ = {isa = PBXBuildFile; fileRef = B59761E84963050212012014 /* LoginViewModelTests.swift */; };
		D5A4945A3D9CDCA630BA15DA /* VonageBrand.swift in Sources */ = {isa = PBXBuildFile; fileRef = DB299FBD433FF668D250E2F9 /* VonageBrand.swift */; };
		DF9D3155C405DE58B84C9320 /* APIClientTests.swift in Sources */ = {isa = PBXBuildFile; fileRef = D480952E504A828AB0CC6CA1 /* APIClientTests.swift */; };
		E77909218329F9784286248D /* LogRedactionTests.swift in Sources */ = {isa = PBXBuildFile; fileRef = 88C313B78688DF9897DFECAC /* LogRedactionTests.swift */; };
		E9108883CF60748B9352C818 /* DevConsoleView.swift in Sources */ = {isa = PBXBuildFile; fileRef = DD52D13A7F99E9C8D828A5A3 /* DevConsoleView.swift */; };
		F7BC4D7BD3F698B98CB9A624 /* VerifiedView.swift in Sources */ = {isa = PBXBuildFile; fileRef = E1EB34B3EAE9169B86A87B8D /* VerifiedView.swift */; };
/* End PBXBuildFile section */

/* Begin PBXContainerItemProxy section */
		E7EF7CEACB7E43C918F8CD62 /* PBXContainerItemProxy */ = {
			isa = PBXContainerItemProxy;
			containerPortal = B4DD9036DA59F44F858ECE37 /* Project object */;
			proxyType = 1;
			remoteGlobalIDString = 5EFEFD49771AEB7E691ED429;
			remoteInfo = SilentAuthDemo;
		};
/* End PBXContainerItemProxy section */

/* Begin PBXFileReference section */
		08BAC1DC0AE727C9E66F1A53 /* CellularRequestClientProtocol.swift */ = {isa = PBXFileReference; includeInIndex = 1; lastKnownFileType = sourcecode.swift; path = CellularRequestClientProtocol.swift; sourceTree = "<group>"; };
		0AAD801143F03F7EF5C287BA /* LoginViewModel.swift */ = {isa = PBXFileReference; includeInIndex = 1; lastKnownFileType = sourcecode.swift; path = LoginViewModel.swift; sourceTree = "<group>"; };
		0C30E14336FA1A1F0B5D7FD6 /* APIClient.swift */ = {isa = PBXFileReference; includeInIndex = 1; lastKnownFileType = sourcecode.swift; path = APIClient.swift; sourceTree = "<group>"; };
		2F4ACBDBA17F0701DF4D7F4F /* CellularAuthError.swift */ = {isa = PBXFileReference; includeInIndex = 1; lastKnownFileType = sourcecode.swift; path = CellularAuthError.swift; sourceTree = "<group>"; };
		3337B39D04C923280B85EE5D /* CellularAuthClientTests.swift */ = {isa = PBXFileReference; includeInIndex = 1; lastKnownFileType = sourcecode.swift; path = CellularAuthClientTests.swift; sourceTree = "<group>"; };
		4904CDD1DB1EDE7B55C1255C /* SilentAuthDemo.app */ = {isa = PBXFileReference; explicitFileType = wrapper.application; includeInIndex = 0; path = SilentAuthDemo.app; sourceTree = BUILT_PRODUCTS_DIR; };
		4CBA4E35EC182CC5988A0D00 /* Configuration.swift */ = {isa = PBXFileReference; includeInIndex = 1; lastKnownFileType = sourcecode.swift; path = Configuration.swift; sourceTree = "<group>"; };
		86B955421BEE1CDE6140B52D /* VerificationStateTests.swift */ = {isa = PBXFileReference; includeInIndex = 1; lastKnownFileType = sourcecode.swift; path = VerificationStateTests.swift; sourceTree = "<group>"; };
		88C313B78688DF9897DFECAC /* LogRedactionTests.swift */ = {isa = PBXFileReference; includeInIndex = 1; lastKnownFileType = sourcecode.swift; path = LogRedactionTests.swift; sourceTree = "<group>"; };
		98E4891A82FD1922F77C3B27 /* LogEventRow.swift */ = {isa = PBXFileReference; includeInIndex = 1; lastKnownFileType = sourcecode.swift; path = LogEventRow.swift; sourceTree = "<group>"; };
		A74875915842D7E1EC615291 /* SilentAuthDemoApp.swift */ = {isa = PBXFileReference; includeInIndex = 1; lastKnownFileType = sourcecode.swift; path = SilentAuthDemoApp.swift; sourceTree = "<group>"; };
		A7AD7D167C5B4E67CBFD1836 /* VerificationServiceProtocol.swift */ = {isa = PBXFileReference; includeInIndex = 1; lastKnownFileType = sourcecode.swift; path = VerificationServiceProtocol.swift; sourceTree = "<group>"; };
		AB522EAC7C6031F2B660D851 /* ContentView.swift */ = {isa = PBXFileReference; includeInIndex = 1; lastKnownFileType = sourcecode.swift; path = ContentView.swift; sourceTree = "<group>"; };
		B59761E84963050212012014 /* LoginViewModelTests.swift */ = {isa = PBXFileReference; includeInIndex = 1; lastKnownFileType = sourcecode.swift; path = LoginViewModelTests.swift; sourceTree = "<group>"; };
		B7DA7C72A83650797525F6EA /* LoginView.swift */ = {isa = PBXFileReference; includeInIndex = 1; lastKnownFileType = sourcecode.swift; path = LoginView.swift; sourceTree = "<group>"; };
		C83749B99D76CF16B916239D /* Config.xcconfig */ = {isa = PBXFileReference; includeInIndex = 1; lastKnownFileType = text.xcconfig; path = Config.xcconfig; sourceTree = "<group>"; };
		C89C533EB30BAB7F38267E29 /* LogEvent.swift */ = {isa = PBXFileReference; includeInIndex = 1; lastKnownFileType = sourcecode.swift; path = LogEvent.swift; sourceTree = "<group>"; };
		D0073D0314FBBD5E1BDDF4BF /* LogStageTests.swift */ = {isa = PBXFileReference; includeInIndex = 1; lastKnownFileType = sourcecode.swift; path = LogStageTests.swift; sourceTree = "<group>"; };
		D0D41C7146DB6C0CE08DA787 /* SmokeTests.swift */ = {isa = PBXFileReference; includeInIndex = 1; lastKnownFileType = sourcecode.swift; path = SmokeTests.swift; sourceTree = "<group>"; };
		D2B30BFD5EC8FBEC3BE5F45F /* APIError.swift */ = {isa = PBXFileReference; includeInIndex = 1; lastKnownFileType = sourcecode.swift; path = APIError.swift; sourceTree = "<group>"; };
		D33D009C8D34E8C78BE9EE61 /* SilentAuthDemoTests.xctest */ = {isa = PBXFileReference; explicitFileType = wrapper.cfbundle; includeInIndex = 0; path = SilentAuthDemoTests.xctest; sourceTree = BUILT_PRODUCTS_DIR; };
		D480952E504A828AB0CC6CA1 /* APIClientTests.swift */ = {isa = PBXFileReference; includeInIndex = 1; lastKnownFileType = sourcecode.swift; path = APIClientTests.swift; sourceTree = "<group>"; };
		D69DB3934E0F2FD3BCDA0CC0 /* Foundation.framework */ = {isa = PBXFileReference; lastKnownFileType = wrapper.framework; name = Foundation.framework; path = Platforms/iPhoneOS.platform/Developer/SDKs/iPhoneOS18.0.sdk/System/Library/Frameworks/Foundation.framework; sourceTree = DEVELOPER_DIR; };
		DB299FBD433FF668D250E2F9 /* VonageBrand.swift */ = {isa = PBXFileReference; includeInIndex = 1; lastKnownFileType = sourcecode.swift; path = VonageBrand.swift; sourceTree = "<group>"; };
		DD52D13A7F99E9C8D828A5A3 /* DevConsoleView.swift */ = {isa = PBXFileReference; includeInIndex = 1; lastKnownFileType = sourcecode.swift; path = DevConsoleView.swift; sourceTree = "<group>"; };
		DEFE9819BB80CB171D529F0B /* VerificationState.swift */ = {isa = PBXFileReference; includeInIndex = 1; lastKnownFileType = sourcecode.swift; path = VerificationState.swift; sourceTree = "<group>"; };
		DFF209B2D90338D151F1F3BE /* LogStage.swift */ = {isa = PBXFileReference; includeInIndex = 1; lastKnownFileType = sourcecode.swift; path = LogStage.swift; sourceTree = "<group>"; };
		E1EB34B3EAE9169B86A87B8D /* VerifiedView.swift */ = {isa = PBXFileReference; includeInIndex = 1; lastKnownFileType = sourcecode.swift; path = VerifiedView.swift; sourceTree = "<group>"; };
		E20895CD6D3E443DC357A2E7 /* VerificationService.swift */ = {isa = PBXFileReference; includeInIndex = 1; lastKnownFileType = sourcecode.swift; path = VerificationService.swift; sourceTree = "<group>"; };
		E825AD02E27F7535D25B5EF6 /* CellularAuthClient.swift */ = {isa = PBXFileReference; includeInIndex = 1; lastKnownFileType = sourcecode.swift; path = CellularAuthClient.swift; sourceTree = "<group>"; };
		EFF7F80161FE711839D68022 /* Config.xcconfig */ = {isa = PBXFileReference; includeInIndex = 1; lastKnownFileType = text.xcconfig; path = Config.xcconfig; sourceTree = "<group>"; };
		F448EC376B90FFA3189656FF /* AnyCodable.swift */ = {isa = PBXFileReference; includeInIndex = 1; lastKnownFileType = sourcecode.swift; path = AnyCodable.swift; sourceTree = "<group>"; };
/* End PBXFileReference section */

/* Begin PBXFrameworksBuildPhase section */
		948618DD80DC12A9D58AEAA2 /* Frameworks */ = {
			isa = PBXFrameworksBuildPhase;
			buildActionMask = 2147483647;
			files = (
				96ED779AC22459524690A6F4 /* Foundation.framework in Frameworks */,
				AFE148FC63879B3168CEFB02 /* VonageClientLibrary in Frameworks */,
			);
			runOnlyForDeploymentPostprocessing = 0;
		};
		DC6DDAD4F0C50FD4FDF947F1 /* Frameworks */ = {
			isa = PBXFrameworksBuildPhase;
			buildActionMask = 2147483647;
			files = (
				57FDC88FB9AB915B9A1F868D /* Foundation.framework in Frameworks */,
				97FAF09229CEEE8CE88216E7 /* VonageClientLibrary in Frameworks */,
			);
			runOnlyForDeploymentPostprocessing = 0;
		};
/* End PBXFrameworksBuildPhase section */

/* Begin PBXGroup section */
		0D1A580E4D211C6DB8ADF8C3 /* App */ = {
			isa = PBXGroup;
			children = (
				A74875915842D7E1EC615291 /* SilentAuthDemoApp.swift */,
				AB522EAC7C6031F2B660D851 /* ContentView.swift */,
			);
			name = App;
			path = App;
			sourceTree = "<group>";
		};
		3159CD677126594C6FFED650 = {
			isa = PBXGroup;
			children = (
				F5A8C5634D81E96FA5B8B24E /* Products */,
				A941014F418E40E99A505968 /* Frameworks */,
				C83749B99D76CF16B916239D /* Config.xcconfig */,
				EFF7F80161FE711839D68022 /* Config.xcconfig */,
				702FB55DEDE6B857DD013ABD /* SilentAuthDemo */,
				B2104EB33E9CD9C3B4EF9C0F /* SilentAuthDemoTests */,
			);
			sourceTree = "<group>";
		};
		480442DAC4BC2D265B86C0E6 /* Login */ = {
			isa = PBXGroup;
			children = (
				0AAD801143F03F7EF5C287BA /* LoginViewModel.swift */,
				B7DA7C72A83650797525F6EA /* LoginView.swift */,
			);
			name = Login;
			path = Login;
			sourceTree = "<group>";
		};
		55D1208E54972BB3C28FD5EB /* iOS */ = {
			isa = PBXGroup;
			children = (
				D69DB3934E0F2FD3BCDA0CC0 /* Foundation.framework */,
			);
			name = iOS;
			sourceTree = "<group>";
		};
		5FB09D23CEEACC4016A02C42 /* Resources */ = {
			isa = PBXGroup;
			children = (
			);
			name = Resources;
			path = Resources;
			sourceTree = "<group>";
		};
		6C8F42369FF7BA88E9DE4EF3 /* Login */ = {
			isa = PBXGroup;
			children = (
				86B955421BEE1CDE6140B52D /* VerificationStateTests.swift */,
				B59761E84963050212012014 /* LoginViewModelTests.swift */,
				88C313B78688DF9897DFECAC /* LogRedactionTests.swift */,
				D0073D0314FBBD5E1BDDF4BF /* LogStageTests.swift */,
			);
			name = Login;
			path = Login;
			sourceTree = "<group>";
		};
		702FB55DEDE6B857DD013ABD /* SilentAuthDemo */ = {
			isa = PBXGroup;
			children = (
				0D1A580E4D211C6DB8ADF8C3 /* App */,
				5FB09D23CEEACC4016A02C42 /* Resources */,
				B7A2562230B3B35E23847837 /* Networking */,
				BAFEAEE36F05FB035CA952F3 /* Models */,
				8A54028E64CBE80980C2656B /* Theme */,
				FC06DF53E569A21BEB8F6726 /* Features */,
			);
			name = SilentAuthDemo;
			path = SilentAuthDemo;
			sourceTree = "<group>";
		};
		7748E27062E56EF5CCA923F7 /* DevMode */ = {
			isa = PBXGroup;
			children = (
				DD52D13A7F99E9C8D828A5A3 /* DevConsoleView.swift */,
				98E4891A82FD1922F77C3B27 /* LogEventRow.swift */,
			);
			name = DevMode;
			path = DevMode;
			sourceTree = "<group>";
		};
		7B22F38FBEE7C38682CCF4B1 /* Verified */ = {
			isa = PBXGroup;
			children = (
				E1EB34B3EAE9169B86A87B8D /* VerifiedView.swift */,
			);
			name = Verified;
			path = Verified;
			sourceTree = "<group>";
		};
		8A54028E64CBE80980C2656B /* Theme */ = {
			isa = PBXGroup;
			children = (
				DB299FBD433FF668D250E2F9 /* VonageBrand.swift */,
			);
			name = Theme;
			path = Theme;
			sourceTree = "<group>";
		};
		9D1E746B434FEDD09257E030 /* Networking */ = {
			isa = PBXGroup;
			children = (
				D480952E504A828AB0CC6CA1 /* APIClientTests.swift */,
				3337B39D04C923280B85EE5D /* CellularAuthClientTests.swift */,
			);
			name = Networking;
			path = Networking;
			sourceTree = "<group>";
		};
		A941014F418E40E99A505968 /* Frameworks */ = {
			isa = PBXGroup;
			children = (
				55D1208E54972BB3C28FD5EB /* iOS */,
			);
			name = Frameworks;
			sourceTree = "<group>";
		};
		B2104EB33E9CD9C3B4EF9C0F /* SilentAuthDemoTests */ = {
			isa = PBXGroup;
			children = (
				D0D41C7146DB6C0CE08DA787 /* SmokeTests.swift */,
				9D1E746B434FEDD09257E030 /* Networking */,
				C4FA3433F37B9DECDC26BA36 /* Features */,
			);
			name = SilentAuthDemoTests;
			path = SilentAuthDemoTests;
			sourceTree = "<group>";
		};
		B7A2562230B3B35E23847837 /* Networking */ = {
			isa = PBXGroup;
			children = (
				0C30E14336FA1A1F0B5D7FD6 /* APIClient.swift */,
				E825AD02E27F7535D25B5EF6 /* CellularAuthClient.swift */,
				D2B30BFD5EC8FBEC3BE5F45F /* APIError.swift */,
				2F4ACBDBA17F0701DF4D7F4F /* CellularAuthError.swift */,
				4CBA4E35EC182CC5988A0D00 /* Configuration.swift */,
				08BAC1DC0AE727C9E66F1A53 /* CellularRequestClientProtocol.swift */,
				E20895CD6D3E443DC357A2E7 /* VerificationService.swift */,
				A7AD7D167C5B4E67CBFD1836 /* VerificationServiceProtocol.swift */,
			);
			name = Networking;
			path = Networking;
			sourceTree = "<group>";
		};
		BAFEAEE36F05FB035CA952F3 /* Models */ = {
			isa = PBXGroup;
			children = (
				C89C533EB30BAB7F38267E29 /* LogEvent.swift */,
				DFF209B2D90338D151F1F3BE /* LogStage.swift */,
				F448EC376B90FFA3189656FF /* AnyCodable.swift */,
				DEFE9819BB80CB171D529F0B /* VerificationState.swift */,
			);
			name = Models;
			path = Models;
			sourceTree = "<group>";
		};
		C4FA3433F37B9DECDC26BA36 /* Features */ = {
			isa = PBXGroup;
			children = (
				6C8F42369FF7BA88E9DE4EF3 /* Login */,
			);
			name = Features;
			path = Features;
			sourceTree = "<group>";
		};
		F5A8C5634D81E96FA5B8B24E /* Products */ = {
			isa = PBXGroup;
			children = (
				4904CDD1DB1EDE7B55C1255C /* SilentAuthDemo.app */,
				D33D009C8D34E8C78BE9EE61 /* SilentAuthDemoTests.xctest */,
			);
			name = Products;
			sourceTree = "<group>";
		};
		FC06DF53E569A21BEB8F6726 /* Features */ = {
			isa = PBXGroup;
			children = (
				480442DAC4BC2D265B86C0E6 /* Login */,
				7B22F38FBEE7C38682CCF4B1 /* Verified */,
				7748E27062E56EF5CCA923F7 /* DevMode */,
			);
			name = Features;
			path = Features;
			sourceTree = "<group>";
		};
/* End PBXGroup section */

/* Begin PBXNativeTarget section */
		2FCB196C030F7E84EADF28CD /* SilentAuthDemoTests */ = {
			isa = PBXNativeTarget;
			buildConfigurationList = 620171DF742CA96C5746DD59 /* Build configuration list for PBXNativeTarget "SilentAuthDemoTests" */;
			buildPhases = (
				6E7D14704F29421117523EF6 /* Sources */,
				DC6DDAD4F0C50FD4FDF947F1 /* Frameworks */,
				6BF66607792833C669D7679D /* Resources */,
			);
			buildRules = (
			);
			dependencies = (
				945EF7AF169B8701E5451858 /* PBXTargetDependency */,
			);
			name = SilentAuthDemoTests;
			packageProductDependencies = (
				E4E2F34F2B6A2CD54154D3F3 /* VonageClientLibrary */,
			);
			productName = SilentAuthDemoTests;
			productReference = D33D009C8D34E8C78BE9EE61 /* SilentAuthDemoTests.xctest */;
			productType = "com.apple.product-type.bundle.unit-test";
		};
		5EFEFD49771AEB7E691ED429 /* SilentAuthDemo */ = {
			isa = PBXNativeTarget;
			buildConfigurationList = 4249DC4D3018569EE2B723FD /* Build configuration list for PBXNativeTarget "SilentAuthDemo" */;
			buildPhases = (
				704BA62D615D050B367804B3 /* Sources */,
				948618DD80DC12A9D58AEAA2 /* Frameworks */,
				23D1D4A87B3F2840ADF688C9 /* Resources */,
			);
			buildRules = (
			);
			dependencies = (
			);
			name = SilentAuthDemo;
			packageProductDependencies = (
				7AC31BD4B75CAB5D54789BD0 /* VonageClientLibrary */,
			);
			productName = SilentAuthDemo;
			productReference = 4904CDD1DB1EDE7B55C1255C /* SilentAuthDemo.app */;
			productType = "com.apple.product-type.application";
		};
/* End PBXNativeTarget section */

/* Begin PBXProject section */
		B4DD9036DA59F44F858ECE37 /* Project object */ = {
			isa = PBXProject;
			attributes = {
				LastSwiftUpdateCheck = 1600;
				LastUpgradeCheck = 1600;
			};
			buildConfigurationList = A5634D6847FF05BD7E99ED2B /* Build configuration list for PBXProject "SilentAuthDemo" */;
			compatibilityVersion = "Xcode 3.2";
			developmentRegion = en;
			hasScannedForEncodings = 0;
			knownRegions = (
				en,
				Base,
			);
			mainGroup = 3159CD677126594C6FFED650;
			minimizedProjectReferenceProxies = 0;
			packageReferences = (
				735AF530ED8012BE352698C5 /* XCRemoteSwiftPackageReference "vonage-ios-client-library" */,
			);
			preferredProjectObjectVersion = 77;
			productRefGroup = F5A8C5634D81E96FA5B8B24E /* Products */;
			projectDirPath = "";
			projectRoot = "";
			targets = (
				5EFEFD49771AEB7E691ED429 /* SilentAuthDemo */,
				2FCB196C030F7E84EADF28CD /* SilentAuthDemoTests */,
			);
		};
/* End PBXProject section */

/* Begin PBXResourcesBuildPhase section */
		23D1D4A87B3F2840ADF688C9 /* Resources */ = {
			isa = PBXResourcesBuildPhase;
			buildActionMask = 2147483647;
			files = (
			);
			runOnlyForDeploymentPostprocessing = 0;
		};
		6BF66607792833C669D7679D /* Resources */ = {
			isa = PBXResourcesBuildPhase;
			buildActionMask = 2147483647;
			files = (
			);
			runOnlyForDeploymentPostprocessing = 0;
		};
/* End PBXResourcesBuildPhase section */

/* Begin PBXSourcesBuildPhase section */
		6E7D14704F29421117523EF6 /* Sources */ = {
			isa = PBXSourcesBuildPhase;
			buildActionMask = 2147483647;
			files = (
				B66D8B7D87737E39EB837476 /* SmokeTests.swift in Sources */,
				DF9D3155C405DE58B84C9320 /* APIClientTests.swift in Sources */,
				185F141F75FB71D057B60475 /* CellularAuthClientTests.swift in Sources */,
				1C9A52107761D3E028E60ACA /* VerificationStateTests.swift in Sources */,
				CA7204ABB6C997E2B493B5A6 /* LoginViewModelTests.swift in Sources */,
				E77909218329F9784286248D /* LogRedactionTests.swift in Sources */,
				0E61E39471E36528A81F569B /* LogStageTests.swift in Sources */,
			);
			runOnlyForDeploymentPostprocessing = 0;
		};
		704BA62D615D050B367804B3 /* Sources */ = {
			isa = PBXSourcesBuildPhase;
			buildActionMask = 2147483647;
			files = (
				2D471F56A02B8049B03ED6DE /* SilentAuthDemoApp.swift in Sources */,
				95B3F38F5AA69AD86C28FD65 /* ContentView.swift in Sources */,
				C1D9D12BC79FC84A78E95813 /* APIClient.swift in Sources */,
				62A5309253814971C7B6ED38 /* CellularAuthClient.swift in Sources */,
				51A322072FA36F7C16252124 /* APIError.swift in Sources */,
				18CAF094BE739436DA15B4D6 /* CellularAuthError.swift in Sources */,
				3ADCE8BBDE651DE462BEFF21 /* Configuration.swift in Sources */,
				0BD0224FC31E8E11B272D896 /* CellularRequestClientProtocol.swift in Sources */,
				101D78E1EB9389058A5503A3 /* VerificationService.swift in Sources */,
				0E1AD581CBEDA521413674AD /* VerificationServiceProtocol.swift in Sources */,
				0D58068773C43719EEDAA64E /* LogEvent.swift in Sources */,
				3777FBB53B6FD2DEBA8BA425 /* LogStage.swift in Sources */,
				41A4905C44ED819676719A49 /* AnyCodable.swift in Sources */,
				7CA4D70D848400AE405A2D1F /* VerificationState.swift in Sources */,
				D5A4945A3D9CDCA630BA15DA /* VonageBrand.swift in Sources */,
				440796C117D30AFD9DB054CE /* LoginViewModel.swift in Sources */,
				40310E4DCE1B478231B53F5E /* LoginView.swift in Sources */,
				F7BC4D7BD3F698B98CB9A624 /* VerifiedView.swift in Sources */,
				E9108883CF60748B9352C818 /* DevConsoleView.swift in Sources */,
				A2D07CDE2829DA0E705ED393 /* LogEventRow.swift in Sources */,
			);
			runOnlyForDeploymentPostprocessing = 0;
		};
/* End PBXSourcesBuildPhase section */

/* Begin PBXTargetDependency section */
		945EF7AF169B8701E5451858 /* PBXTargetDependency */ = {
			isa = PBXTargetDependency;
			name = SilentAuthDemo;
			target = 5EFEFD49771AEB7E691ED429 /* SilentAuthDemo */;
			targetProxy = E7EF7CEACB7E43C918F8CD62 /* PBXContainerItemProxy */;
		};
/* End PBXTargetDependency section */

/* Begin XCBuildConfiguration section */
		5C0766609700B57F99C32AE1 /* Release */ = {
			isa = XCBuildConfiguration;
			buildSettings = {
				BUNDLE_LOADER = "$(TEST_HOST)";
				CLANG_ENABLE_OBJC_WEAK = NO;
				GENERATE_INFOPLIST_FILE = YES;
				IPHONEOS_DEPLOYMENT_TARGET = 16.0;
				PRODUCT_BUNDLE_IDENTIFIER = com.vonage.SilentAuthDemoTests;
				SDKROOT = iphoneos;
				SWIFT_VERSION = 5.9;
				TARGETED_DEVICE_FAMILY = "1,2";
				TEST_HOST = "$(BUILT_PRODUCTS_DIR)/SilentAuthDemo.app/$(BUNDLE_EXECUTABLE_FOLDER_PATH)/SilentAuthDemo";
				VALIDATE_PRODUCT = YES;
			};
			name = Release;
		};
		5C1B6C07841D50F540A98E8F /* Debug */ = {
			isa = XCBuildConfiguration;
			buildSettings = {
				ALWAYS_SEARCH_USER_PATHS = NO;
				CLANG_ANALYZER_NONNULL = YES;
				CLANG_ANALYZER_NUMBER_OBJECT_CONVERSION = YES_AGGRESSIVE;
				CLANG_CXX_LANGUAGE_STANDARD = "gnu++14";
				CLANG_CXX_LIBRARY = "libc++";
				CLANG_ENABLE_MODULES = YES;
				CLANG_ENABLE_OBJC_ARC = YES;
				CLANG_ENABLE_OBJC_WEAK = YES;
				CLANG_WARN_BLOCK_CAPTURE_AUTORELEASING = YES;
				CLANG_WARN_BOOL_CONVERSION = YES;
				CLANG_WARN_COMMA = YES;
				CLANG_WARN_CONSTANT_CONVERSION = YES;
				CLANG_WARN_DEPRECATED_OBJC_IMPLEMENTATIONS = YES;
				CLANG_WARN_DIRECT_OBJC_ISA_USAGE = YES_ERROR;
				CLANG_WARN_DOCUMENTATION_COMMENTS = YES;
				CLANG_WARN_EMPTY_BODY = YES;
				CLANG_WARN_ENUM_CONVERSION = YES;
				CLANG_WARN_INFINITE_RECURSION = YES;
				CLANG_WARN_INT_CONVERSION = YES;
				CLANG_WARN_NON_LITERAL_NULL_CONVERSION = YES;
				CLANG_WARN_OBJC_IMPLICIT_RETAIN_SELF = YES;
				CLANG_WARN_OBJC_LITERAL_CONVERSION = YES;
				CLANG_WARN_OBJC_ROOT_CLASS = YES_ERROR;
				CLANG_WARN_QUOTED_INCLUDE_IN_FRAMEWORK_HEADER = YES;
				CLANG_WARN_RANGE_LOOP_ANALYSIS = YES;
				CLANG_WARN_STRICT_PROTOTYPES = YES;
				CLANG_WARN_SUSPICIOUS_MOVE = YES;
				CLANG_WARN_UNGUARDED_AVAILABILITY = YES_AGGRESSIVE;
				CLANG_WARN_UNREACHABLE_CODE = YES;
				CLANG_WARN__DUPLICATE_METHOD_MATCH = YES;
				COPY_PHASE_STRIP = NO;
				DEBUG_INFORMATION_FORMAT = dwarf;
				ENABLE_STRICT_OBJC_MSGSEND = YES;
				ENABLE_TESTABILITY = YES;
				GCC_C_LANGUAGE_STANDARD = gnu11;
				GCC_DYNAMIC_NO_PIC = NO;
				GCC_NO_COMMON_BLOCKS = YES;
				GCC_OPTIMIZATION_LEVEL = 0;
				GCC_PREPROCESSOR_DEFINITIONS = (
					"DEBUG=1",
					"$(inherited)",
				);
				GCC_WARN_64_TO_32_BIT_CONVERSION = YES;
				GCC_WARN_ABOUT_RETURN_TYPE = YES_ERROR;
				GCC_WARN_UNDECLARED_SELECTOR = YES;
				GCC_WARN_UNINITIALIZED_AUTOS = YES_AGGRESSIVE;
				GCC_WARN_UNUSED_FUNCTION = YES;
				GCC_WARN_UNUSED_VARIABLE = YES;
				MTL_ENABLE_DEBUG_INFO = INCLUDE_SOURCE;
				MTL_FAST_MATH = YES;
				ONLY_ACTIVE_ARCH = YES;
				PRODUCT_NAME = "$(TARGET_NAME)";
				SWIFT_ACTIVE_COMPILATION_CONDITIONS = DEBUG;
				SWIFT_OPTIMIZATION_LEVEL = "-Onone";
				SWIFT_VERSION = 5.0;
			};
			name = Debug;
		};
		8C9251ED9284F1830BFFC81F /* Release */ = {
			isa = XCBuildConfiguration;
			baseConfigurationReference = C83749B99D76CF16B916239D /* Config.xcconfig */;
			buildSettings = {
				ASSETCATALOG_COMPILER_APPICON_NAME = AppIcon;
				ASSETCATALOG_COMPILER_GLOBAL_ACCENT_COLOR_NAME = AccentColor;
				BASE_XCCONFIG = "$(PROJECT_DIR)/Config.xcconfig";
				CLANG_ENABLE_OBJC_WEAK = NO;
				CODE_SIGN_STYLE = Automatic;
				DEVELOPMENT_TEAM = "";
				INFOPLIST_FILE = SilentAuthDemo/Info.plist;
				IPHONEOS_DEPLOYMENT_TARGET = 16.0;
				LD_RUNPATH_SEARCH_PATHS = "$(inherited) @executable_path/Frameworks";
				PRODUCT_BUNDLE_IDENTIFIER = com.vonage.SilentAuthDemo;
				SDKROOT = iphoneos;
				SWIFT_EMIT_LOC_STRINGS = YES;
				SWIFT_VERSION = 5.9;
				TARGETED_DEVICE_FAMILY = "1,2";
				VALIDATE_PRODUCT = YES;
			};
			name = Release;
		};
		8D047161BE0D4D599174A5A3 /* Debug */ = {
			isa = XCBuildConfiguration;
			baseConfigurationReference = EFF7F80161FE711839D68022 /* Config.xcconfig */;
			buildSettings = {
				ASSETCATALOG_COMPILER_APPICON_NAME = AppIcon;
				ASSETCATALOG_COMPILER_GLOBAL_ACCENT_COLOR_NAME = AccentColor;
				BASE_XCCONFIG = "$(PROJECT_DIR)/Config.xcconfig";
				CLANG_ENABLE_OBJC_WEAK = NO;
				CODE_SIGN_STYLE = Automatic;
				DEVELOPMENT_TEAM = "";
				INFOPLIST_FILE = SilentAuthDemo/Info.plist;
				IPHONEOS_DEPLOYMENT_TARGET = 16.0;
				LD_RUNPATH_SEARCH_PATHS = "$(inherited) @executable_path/Frameworks";
				PRODUCT_BUNDLE_IDENTIFIER = com.vonage.SilentAuthDemo;
				SDKROOT = iphoneos;
				SWIFT_EMIT_LOC_STRINGS = YES;
				SWIFT_VERSION = 5.9;
				TARGETED_DEVICE_FAMILY = "1,2";
			};
			name = Debug;
		};
		D908017E92EFAC7DD3ADD2D6 /* Release */ = {
			isa = XCBuildConfiguration;
			buildSettings = {
				ALWAYS_SEARCH_USER_PATHS = NO;
				CLANG_ANALYZER_NONNULL = YES;
				CLANG_ANALYZER_NUMBER_OBJECT_CONVERSION = YES_AGGRESSIVE;
				CLANG_CXX_LANGUAGE_STANDARD = "gnu++14";
				CLANG_CXX_LIBRARY = "libc++";
				CLANG_ENABLE_MODULES = YES;
				CLANG_ENABLE_OBJC_ARC = YES;
				CLANG_ENABLE_OBJC_WEAK = YES;
				CLANG_WARN_BLOCK_CAPTURE_AUTORELEASING = YES;
				CLANG_WARN_BOOL_CONVERSION = YES;
				CLANG_WARN_COMMA = YES;
				CLANG_WARN_CONSTANT_CONVERSION = YES;
				CLANG_WARN_DEPRECATED_OBJC_IMPLEMENTATIONS = YES;
				CLANG_WARN_DIRECT_OBJC_ISA_USAGE = YES_ERROR;
				CLANG_WARN_DOCUMENTATION_COMMENTS = YES;
				CLANG_WARN_EMPTY_BODY = YES;
				CLANG_WARN_ENUM_CONVERSION = YES;
				CLANG_WARN_INFINITE_RECURSION = YES;
				CLANG_WARN_INT_CONVERSION = YES;
				CLANG_WARN_NON_LITERAL_NULL_CONVERSION = YES;
				CLANG_WARN_OBJC_IMPLICIT_RETAIN_SELF = YES;
				CLANG_WARN_OBJC_LITERAL_CONVERSION = YES;
				CLANG_WARN_OBJC_ROOT_CLASS = YES_ERROR;
				CLANG_WARN_QUOTED_INCLUDE_IN_FRAMEWORK_HEADER = YES;
				CLANG_WARN_RANGE_LOOP_ANALYSIS = YES;
				CLANG_WARN_STRICT_PROTOTYPES = YES;
				CLANG_WARN_SUSPICIOUS_MOVE = YES;
				CLANG_WARN_UNGUARDED_AVAILABILITY = YES_AGGRESSIVE;
				CLANG_WARN_UNREACHABLE_CODE = YES;
				CLANG_WARN__DUPLICATE_METHOD_MATCH = YES;
				COPY_PHASE_STRIP = NO;
				DEBUG_INFORMATION_FORMAT = "dwarf-with-dsym";
				ENABLE_NS_ASSERTIONS = NO;
				ENABLE_STRICT_OBJC_MSGSEND = YES;
				GCC_C_LANGUAGE_STANDARD = gnu11;
				GCC_NO_COMMON_BLOCKS = YES;
				GCC_WARN_64_TO_32_BIT_CONVERSION = YES;
				GCC_WARN_ABOUT_RETURN_TYPE = YES_ERROR;
				GCC_WARN_UNDECLARED_SELECTOR = YES;
				GCC_WARN_UNINITIALIZED_AUTOS = YES_AGGRESSIVE;
				GCC_WARN_UNUSED_FUNCTION = YES;
				GCC_WARN_UNUSED_VARIABLE = YES;
				MTL_ENABLE_DEBUG_INFO = NO;
				MTL_FAST_MATH = YES;
				PRODUCT_NAME = "$(TARGET_NAME)";
				SWIFT_COMPILATION_MODE = wholemodule;
				SWIFT_OPTIMIZATION_LEVEL = "-O";
				SWIFT_VERSION = 5.0;
			};
			name = Release;
		};
		F274A97A56ABFE363E4283A6 /* Debug */ = {
			isa = XCBuildConfiguration;
			buildSettings = {
				BUNDLE_LOADER = "$(TEST_HOST)";
				CLANG_ENABLE_OBJC_WEAK = NO;
				GENERATE_INFOPLIST_FILE = YES;
				IPHONEOS_DEPLOYMENT_TARGET = 16.0;
				PRODUCT_BUNDLE_IDENTIFIER = com.vonage.SilentAuthDemoTests;
				SDKROOT = iphoneos;
				SWIFT_VERSION = 5.9;
				TARGETED_DEVICE_FAMILY = "1,2";
				TEST_HOST = "$(BUILT_PRODUCTS_DIR)/SilentAuthDemo.app/$(BUNDLE_EXECUTABLE_FOLDER_PATH)/SilentAuthDemo";
			};
			name = Debug;
		};
/* End XCBuildConfiguration section */

/* Begin XCConfigurationList section */
		4249DC4D3018569EE2B723FD /* Build configuration list for PBXNativeTarget "SilentAuthDemo" */ = {
			isa = XCConfigurationList;
			buildConfigurations = (
				8C9251ED9284F1830BFFC81F /* Release */,
				8D047161BE0D4D599174A5A3 /* Debug */,
			);
			defaultConfigurationIsVisible = 0;
			defaultConfigurationName = Release;
		};
		620171DF742CA96C5746DD59 /* Build configuration list for PBXNativeTarget "SilentAuthDemoTests" */ = {
			isa = XCConfigurationList;
			buildConfigurations = (
				5C0766609700B57F99C32AE1 /* Release */,
				F274A97A56ABFE363E4283A6 /* Debug */,
			);
			defaultConfigurationIsVisible = 0;
			defaultConfigurationName = Release;
		};
		A5634D6847FF05BD7E99ED2B /* Build configuration list for PBXProject "SilentAuthDemo" */ = {
			isa = XCConfigurationList;
			buildConfigurations = (
				5C1B6C07841D50F540A98E8F /* Debug */,
				D908017E92EFAC7DD3ADD2D6 /* Release */,
			);
			defaultConfigurationIsVisible = 0;
			defaultConfigurationName = Release;
		};
/* End XCConfigurationList section */

/* Begin XCRemoteSwiftPackageReference section */
		735AF530ED8012BE352698C5 /* XCRemoteSwiftPackageReference "vonage-ios-client-library" */ = {
			isa = XCRemoteSwiftPackageReference;
			repositoryURL = "https://github.com/Vonage/vonage-ios-client-library.git";
			requirement = {
				kind = upToNextMajorVersion;
				minimumVersion = 1.0.0;
			};
		};
/* End XCRemoteSwiftPackageReference section */

/* Begin XCSwiftPackageProductDependency section */
		7AC31BD4B75CAB5D54789BD0 /* VonageClientLibrary */ = {
			isa = XCSwiftPackageProductDependency;
			package = 735AF530ED8012BE352698C5 /* XCRemoteSwiftPackageReference "vonage-ios-client-library" */;
			productName = VonageClientLibrary;
		};
		E4E2F34F2B6A2CD54154D3F3 /* VonageClientLibrary */ = {
			isa = XCSwiftPackageProductDependency;
			package = 735AF530ED8012BE352698C5 /* XCRemoteSwiftPackageReference "vonage-ios-client-library" */;
			productName = VonageClientLibrary;
		};
/* End XCSwiftPackageProductDependency section */
	};
	rootObject = B4DD9036DA59F44F858ECE37 /* Project object */;
}
